
Microsoft Visual Studio Solution File, Format Version 12.00
Project("{FAE04EC0-301F-11D3-BF4B-00C04F79EFBC}") = "AutoMapperForAllOtherMembersExercise", "AutoMapperForAllOtherMembersExercise\AutoMapperForAllOtherMembersExercise.csproj", "{B02AC3E1-9E1C-4444-8F85-699A2E5385B0}"
EndProject
Global
	GlobalSection(SolutionConfigurationPlatforms) = preSolution
		Debug|Any CPU = Debug|Any CPU
		Release|Any CPU = Release|Any CPU
	EndGlobalSection
	GlobalSection(ProjectConfigurationPlatforms) = postSolution
		{B02AC3E1-9E1C-4444-8F85-699A2E5385B0}.Debug|Any CPU.ActiveCfg = Debug|Any CPU
		{B02AC3E1-9E1C-4444-8F85-699A2E5385B0}.Debug|Any CPU.Build.0 = Debug|Any CPU
		{B02AC3E1-9E1C-4444-8F85-699A2E5385B0}.Release|Any CPU.ActiveCfg = Release|Any CPU
		{B02AC3E1-9E1C-4444-8F85-699A2E5385B0}.Release|Any CPU.Build.0 = Release|Any CPU
	EndGlobalSection
EndGlobal
